Microsoft Visual Studio Solution File, Format Version 12.00
# Visual Studio Version 17
VisualStudioVersion = 17.5.2.0
MinimumVisualStudioVersion = 10.0.40219.1
Project("{FAE04EC0-301F-11D3-BF4B-00C04F79EFBC}") = "bai1", "bai1\bai1.csproj", "{87048F30-B7E3-A585-41AE-7320806D3928}"
EndProject
Project("{FAE04EC0-301F-11D3-BF4B-00C04F79EFBC}") = "bai2", "bai2\bai2.csproj", "{3DCB57B5-90EF-C911-6386-6BE226203313}"
EndProject
Global
	GlobalSection(SolutionConfigurationPlatforms) = preSolution
		Debug|Any CPU = Debug|Any CPU
		Release|Any CPU = Release|Any CPU
	EndGlobalSection
	GlobalSection(ProjectConfigurationPlatforms) = postSolution
		{87048F30-B7E3-A585-41AE-7320806D3928}.Debug|Any CPU.ActiveCfg = Debug|Any CPU
		{87048F30-B7E3-A585-41AE-7320806D3928}.Debug|Any CPU.Build.0 = Debug|Any CPU
		{87048F30-B7E3-A585-41AE-7320806D3928}.Release|Any CPU.ActiveCfg = Release|Any CPU
		{87048F30-B7E3-A585-41AE-7320806D3928}.Release|Any CPU.Build.0 = Release|Any CPU
		{3DCB57B5-90EF-C911-6386-6BE226203313}.Debug|Any CPU.ActiveCfg = Debug|Any CPU
		{3DCB57B5-90EF-C911-6386-6BE226203313}.Debug|Any CPU.Build.0 = Debug|Any CPU
		{3DCB57B5-90EF-C911-6386-6BE226203313}.Release|Any CPU.ActiveCfg = Release|Any CPU
		{3DCB57B5-90EF-C911-6386-6BE226203313}.Release|Any CPU.Build.0 = Release|Any CPU
	EndGlobalSection
	GlobalSection(SolutionProperties) = preSolution
		HideSolutionNode = FALSE
	EndGlobalSection
	GlobalSection(ExtensibilityGlobals) = postSolution
		SolutionGuid = {65E09015-A987-4C84-B724-291A9019B2BA}
	EndGlobalSection
EndGlobal
